
Microsoft Visual Studio Solution File, Format Version 12.00
# Visual Studio Version 16
VisualStudioVersion = 16.0.34031.81
MinimumVisualStudioVersion = 10.0.40219.1
Project("{FAE04EC0-301F-11D3-BF4B-00C04F79EFBC}") = "pic6", "pic6.csproj", "{F6D035A5-9877-47FE-90BA-3A36D272A913}"
EndProject
Global
	GlobalSection(SolutionConfigurationPlatforms) = preSolution
		Debug|Any CPU = Debug|Any CPU
		Release|Any CPU = Release|Any CPU
	EndGlobalSection
	GlobalSection(ProjectConfigurationPlatforms) = postSolution
		{F6D035A5-9877-47FE-90BA-3A36D272A913}.Debug|Any CPU.ActiveCfg = Debug|Any CPU
		{F6D035A5-9877-47FE-90BA-3A36D272A913}.Debug|Any CPU.Build.0 = Debug|Any CPU
		{F6D035A5-9877-47FE-90BA-3A36D272A913}.Release|Any CPU.ActiveCfg = Release|Any CPU
		{F6D035A5-9877-47FE-90BA-3A36D272A913}.Release|Any CPU.Build.0 = Release|Any CPU
	EndGlobalSection
	GlobalSection(SolutionProperties) = preSolution
		HideSolutionNode = FALSE
	EndGlobalSection
	GlobalSection(ExtensibilityGlobals) = postSolution
		SolutionGuid = {0FD24338-10EA-4AF5-A558-45965EB1D810}
	EndGlobalSection
EndGlobal
